// !$*UTF8*$!
{
	archiveVersion = 1;
	classes = {
	};
	objectVersion = 46;
	objects = {

/* Begin PBXBuildFile section */
		5F40D5F815057F950080B065 /* Cocoa.framework in Frameworks */ = {isa = PBXBuildFile; fileRef = 5F40D5F715057F950080B065 /* Cocoa.framework */; };
		5F40D60215057F950080B065 /* InfoPlist.strings in Resources */ = {isa = PBXBuildFile; fileRef = 5F40D60015057F950080B065 /* InfoPlist.strings */; };
		5F40D60415057F950080B065 /* main.m in Sources */ = {isa = PBXBuildFile; fileRef = 5F40D60315057F950080B065 /* main.m */; };
		5F40D60815057F950080B065 /* Credits.rtf in Resources */ = {isa = PBXBuildFile; fileRef = 5F40D60615057F950080B065 /* Credits.rtf */; };
		5F40D60B15057F950080B065 /* SGRAppDelegate.m in Sources */ = {isa = PBXBuildFile; fileRef = 5F40D60A15057F950080B065 /* SGRAppDelegate.m */; };
		5F40D60E15057F950080B065 /* MainMenu.xib in Resources */ = {isa = PBXBuildFile; fileRef = 5F40D60C15057F950080B065 /* MainMenu.xib */; };
		5F40D616150582330080B065 /* SGRSearchController.m in Sources */ = {isa = PBXBuildFile; fileRef = 5F40D615150582330080B065 /* SGRSearchController.m */; };
		5F40D6191505824F0080B065 /* SGRSearchResult.m in Sources */ = {isa = PBXBuildFile; fileRef = 5F40D6181505824F0080B065 /* SGRSearchResult.m */; };
		5F40D61C150587E60080B065 /* SGRAppController.m in Sources */ = {isa = PBXBuildFile; fileRef = 5F40D61B150587E60080B065 /* SGRAppController.m */; };
		5F40D6221505A1300080B065 /* SGRGrepOperation.m in Sources */ = {isa = PBXBuildFile; fileRef = 5F40D6211505A1300080B065 /* SGRGrepOperation.m */; };
/* End PBXBuildFile section */

/* Begin PBXFileReference section */
		5F40D5F315057F940080B065 /* SimpleGrep.app */ = {isa = PBXFileReference; explicitFileType = wrapper.application; includeInIndex = 0; path = SimpleGrep.app; sourceTree = BUILT_PRODUCTS_DIR; };
		5F40D5F715057F950080B065 /* Cocoa.framework */ = {isa = PBXFileReference; lastKnownFileType = wrapper.framework; name = Cocoa.framework; path = System/Library/Frameworks/Cocoa.framework; sourceTree = SDKROOT; };
		5F40D5FA15057F950080B065 /* AppKit.framework */ = {isa = PBXFileReference; lastKnownFileType = wrapper.framework; name = AppKit.framework; path = System/Library/Frameworks/AppKit.framework; sourceTree = SDKROOT; };
		5F40D5FB15057F950080B065 /* CoreData.framework */ = {isa = PBXFileReference; lastKnownFileType = wrapper.framework; name = CoreData.framework; path = System/Library/Frameworks/CoreData.framework; sourceTree = SDKROOT; };
		5F40D5FC15057F950080B065 /* Foundation.framework */ = {isa = PBXFileReference; lastKnownFileType = wrapper.framework; name = Foundation.framework; path = System/Library/Frameworks/Foundation.framework; sourceTree = SDKROOT; };
		5F40D5FF15057F950080B065 /* SimpleGrep-Info.plist */ = {isa = PBXFileReference; lastKnownFileType = text.plist.xml; path = "SimpleGrep-Info.plist"; sourceTree = "<group>"; };
		5F40D60115057F950080B065 /* en */ = {isa = PBXFileReference; lastKnownFileType = text.plist.strings; name = en; path = en.lproj/InfoPlist.strings; sourceTree = "<group>"; };
		5F40D60315057F950080B065 /* main.m */ = {isa = PBXFileReference; lastKnownFileType = sourcecode.c.objc; path = main.m; sourceTree = "<group>"; };
		5F40D60515057F950080B065 /* SimpleGrep-Prefix.pch */ = {isa = PBXFileReference; lastKnownFileType = sourcecode.c.h; path = "SimpleGrep-Prefix.pch"; sourceTree = "<group>"; };
		5F40D60715057F950080B065 /* en */ = {isa = PBXFileReference; lastKnownFileType = text.rtf; name = en; path = en.lproj/Credits.rtf; sourceTree = "<group>"; };
		5F40D60915057F950080B065 /* SGRAppDelegate.h */ = {isa = PBXFileReference; lastKnownFileType = sourcecode.c.h; path = SGRAppDelegate.h; sourceTree = "<group>"; };
		5F40D60A15057F950080B065 /* SGRAppDelegate.m */ = {isa = PBXFileReference; lastKnownFileType = sourcecode.c.objc; path = SGRAppDelegate.m; sourceTree = "<group>"; };
		5F40D60D15057F950080B065 /* en */ = {isa = PBXFileReference; lastKnownFileType = file.xib; name = en; path = en.lproj/MainMenu.xib; sourceTree = "<group>"; };
		5F40D614150582330080B065 /* SGRSearchController.h */ = {isa = PBXFileReference; fileEncoding = 4; lastKnownFileType = sourcecode.c.h; path = SGRSearchController.h; sourceTree = "<group>"; };
		5F40D615150582330080B065 /* SGRSearchController.m */ = {isa = PBXFileReference; fileEncoding = 4; lastKnownFileType = sourcecode.c.objc; path = SGRSearchController.m; sourceTree = "<group>"; };
		5F40D6171505824F0080B065 /* SGRSearchResult.h */ = {isa = PBXFileReference; fileEncoding = 4; lastKnownFileType = sourcecode.c.h; path = SGRSearchResult.h; sourceTree = "<group>"; };
		5F40D6181505824F0080B065 /* SGRSearchResult.m */ = {isa = PBXFileReference; fileEncoding = 4; lastKnownFileType = sourcecode.c.objc; path = SGRSearchResult.m; sourceTree = "<group>"; };
		5F40D61A150587E60080B065 /* SGRAppController.h */ = {isa = PBXFileReference; fileEncoding = 4; lastKnownFileType = sourcecode.c.h; path = SGRAppController.h; sourceTree = "<group>"; };
		5F40D61B150587E60080B065 /* SGRAppController.m */ = {isa = PBXFileReference; fileEncoding = 4; lastKnownFileType = sourcecode.c.objc; path = SGRAppController.m; sourceTree = "<group>"; };
		5F40D6201505A12F0080B065 /* SGRGrepOperation.h */ = {isa = PBXFileReference; fileEncoding = 4; lastKnownFileType = sourcecode.c.h; path = SGRGrepOperation.h; sourceTree = "<group>"; };
		5F40D6211505A1300080B065 /* SGRGrepOperation.m */ = {isa = PBXFileReference; fileEncoding = 4; lastKnownFileType = sourcecode.c.objc; path = SGRGrepOperation.m; sourceTree = "<group>"; };
/* End PBXFileReference section */

/* Begin PBXFrameworksBuildPhase section */
		5F40D5F015057F940080B065 /* Frameworks */ = {
			isa = PBXFrameworksBuildPhase;
			buildActionMask = 2147483647;
			files = (
				5F40D5F815057F950080B065 /* Cocoa.framework in Frameworks */,
			);
			runOnlyForDeploymentPostprocessing = 0;
		};
/* End PBXFrameworksBuildPhase section */

/* Begin PBXGroup section */
		5F40D5E815057F940080B065 = {
			isa = PBXGroup;
			children = (
				5F40D5FD15057F950080B065 /* SimpleGrep */,
				5F40D5F615057F950080B065 /* Frameworks */,
				5F40D5F415057F940080B065 /* Products */,
			);
			sourceTree = "<group>";
		};
		5F40D5F415057F940080B065 /* Products */ = {
			isa = PBXGroup;
			children = (
				5F40D5F315057F940080B065 /* SimpleGrep.app */,
			);
			name = Products;
			sourceTree = "<group>";
		};
		5F40D5F615057F950080B065 /* Frameworks */ = {
			isa = PBXGroup;
			children = (
				5F40D5F715057F950080B065 /* Cocoa.framework */,
				5F40D5F915057F950080B065 /* Other Frameworks */,
			);
			name = Frameworks;
			sourceTree = "<group>";
		};
		5F40D5F915057F950080B065 /* Other Frameworks */ = {
			isa = PBXGroup;
			children = (
				5F40D5FA15057F950080B065 /* AppKit.framework */,
				5F40D5FB15057F950080B065 /* CoreData.framework */,
				5F40D5FC15057F950080B065 /* Foundation.framework */,
			);
			name = "Other Frameworks";
			sourceTree = "<group>";
		};
		5F40D5FD15057F950080B065 /* SimpleGrep */ = {
			isa = PBXGroup;
			children = (
				5F40D614150582330080B065 /* SGRSearchController.h */,
				5F40D615150582330080B065 /* SGRSearchController.m */,
				5F40D6171505824F0080B065 /* SGRSearchResult.h */,
				5F40D6181505824F0080B065 /* SGRSearchResult.m */,
				5F40D60915057F950080B065 /* SGRAppDelegate.h */,
				5F40D60A15057F950080B065 /* SGRAppDelegate.m */,
				5F40D60C15057F950080B065 /* MainMenu.xib */,
				5F40D5FE15057F950080B065 /* Supporting Files */,
				5F40D61A150587E60080B065 /* SGRAppController.h */,
				5F40D61B150587E60080B065 /* SGRAppController.m */,
				5F40D6201505A12F0080B065 /* SGRGrepOperation.h */,
				5F40D6211505A1300080B065 /* SGRGrepOperation.m */,
			);
			path = SimpleGrep;
			sourceTree = "<group>";
		};
		5F40D5FE15057F950080B065 /* Supporting Files */ = {
			isa = PBXGroup;
			children = (
				5F40D5FF15057F950080B065 /* SimpleGrep-Info.plist */,
				5F40D60015057F950080B065 /* InfoPlist.strings */,
				5F40D60315057F950080B065 /* main.m */,
				5F40D60515057F950080B065 /* SimpleGrep-Prefix.pch */,
				5F40D60615057F950080B065 /* Credits.rtf */,
			);
			name = "Supporting Files";
			sourceTree = "<group>";
		};
/* End PBXGroup section */

/* Begin PBXNativeTarget section */
		5F40D5F215057F940080B065 /* SimpleGrep */ = {
			isa = PBXNativeTarget;
			buildConfigurationList = 5F40D61115057F950080B065 /* Build configuration list for PBXNativeTarget "SimpleGrep" */;
			buildPhases = (
				5F40D5EF15057F940080B065 /* Sources */,
				5F40D5F015057F940080B065 /* Frameworks */,
				5F40D5F115057F940080B065 /* Resources */,
			);
			buildRules = (
			);
			dependencies = (
			);
			name = SimpleGrep;
			productName = SimpleGrep;
			productReference = 5F40D5F315057F940080B065 /* SimpleGrep.app */;
			productType = "com.apple.product-type.application";
		};
/* End PBXNativeTarget section */

/* Begin PBXProject section */
		5F40D5EA15057F940080B065 /* Project object */ = {
			isa = PBXProject;
			attributes = {
				LastUpgradeCheck = 0420;
				ORGANIZATIONNAME = Centrix.ca;
			};
			buildConfigurationList = 5F40D5ED15057F940080B065 /* Build configuration list for PBXProject "SimpleGrep" */;
			compatibilityVersion = "Xcode 3.2";
			developmentRegion = English;
			hasScannedForEncodings = 0;
			knownRegions = (
				en,
			);
			mainGroup = 5F40D5E815057F940080B065;
			productRefGroup = 5F40D5F415057F940080B065 /* Products */;
			projectDirPath = "";
			projectRoot = "";
			targets = (
				5F40D5F215057F940080B065 /* SimpleGrep */,
			);
		};
/* End PBXProject section */

/* Begin PBXResourcesBuildPhase section */
		5F40D5F115057F940080B065 /* Resources */ = {
			isa = PBXResourcesBuildPhase;
			buildActionMask = 2147483647;
			files = (
				5F40D60215057F950080B065 /* InfoPlist.strings in Resources */,
				5F40D60815057F950080B065 /* Credits.rtf in Resources */,
				5F40D60E15057F950080B065 /* MainMenu.xib in Resources */,
			);
			runOnlyForDeploymentPostprocessing = 0;
		};
/* End PBXResourcesBuildPhase section */

/* Begin PBXSourcesBuildPhase section */
		5F40D5EF15057F940080B065 /* Sources */ = {
			isa = PBXSourcesBuildPhase;
			buildActionMask = 2147483647;
			files = (
				5F40D60415057F950080B065 /* main.m in Sources */,
				5F40D60B15057F950080B065 /* SGRAppDelegate.m in Sources */,
				5F40D616150582330080B065 /* SGRSearchController.m in Sources */,
				5F40D6191505824F0080B065 /* SGRSearchResult.m in Sources */,
				5F40D61C150587E60080B065 /* SGRAppController.m in Sources */,
				5F40D6221505A1300080B065 /* SGRGrepOperation.m in Sources */,
			);
			runOnlyForDeploymentPostprocessing = 0;
		};
/* End PBXSourcesBuildPhase section */

/* Begin PBXVariantGroup section */
		5F40D60015057F950080B065 /* InfoPlist.strings */ = {
			isa = PBXVariantGroup;
			children = (
				5F40D60115057F950080B065 /* en */,
			);
			name = InfoPlist.strings;
			sourceTree = "<group>";
		};
		5F40D60615057F950080B065 /* Credits.rtf */ = {
			isa = PBXVariantGroup;
			children = (
				5F40D60715057F950080B065 /* en */,
			);
			name = Credits.rtf;
			sourceTree = "<group>";
		};
		5F40D60C15057F950080B065 /* MainMenu.xib */ = {
			isa = PBXVariantGroup;
			children = (
				5F40D60D15057F950080B065 /* en */,
			);
			name = MainMenu.xib;
			sourceTree = "<group>";
		};
/* End PBXVariantGroup section */

/* Begin XCBuildConfiguration section */
		5F40D60F15057F950080B065 /* Debug */ = {
			isa = XCBuildConfiguration;
			buildSettings = {
				ALWAYS_SEARCH_USER_PATHS = NO;
				ARCHS = "$(ARCHS_STANDARD_64_BIT)";
				COPY_PHASE_STRIP = NO;
				GCC_C_LANGUAGE_STANDARD = gnu99;
				GCC_DYNAMIC_NO_PIC = NO;
				GCC_ENABLE_OBJC_EXCEPTIONS = YES;
				GCC_OPTIMIZATION_LEVEL = 0;
				GCC_PREPROCESSOR_DEFINITIONS = (
					"DEBUG=1",
					"$(inherited)",
				);
				GCC_SYMBOLS_PRIVATE_EXTERN = NO;
				GCC_VERSION = com.apple.compilers.llvm.clang.1_0;
				GCC_WARN_64_TO_32_BIT_CONVERSION = YES;
				GCC_WARN_ABOUT_MISSING_PROTOTYPES = YES;
				GCC_WARN_ABOUT_RETURN_TYPE = YES;
				GCC_WARN_UNUSED_VARIABLE = YES;
				MACOSX_DEPLOYMENT_TARGET = 10.7;
				ONLY_ACTIVE_ARCH = YES;
				SDKROOT = macosx;
			};
			name = Debug;
		};
		5F40D61015057F950080B065 /* Release */ = {
			isa = XCBuildConfiguration;
			buildSettings = {
				ALWAYS_SEARCH_USER_PATHS = NO;
				ARCHS = "$(ARCHS_STANDARD_64_BIT)";
				COPY_PHASE_STRIP = YES;
				DEBUG_INFORMATION_FORMAT = "dwarf-with-dsym";
				GCC_C_LANGUAGE_STANDARD = gnu99;
				GCC_ENABLE_OBJC_EXCEPTIONS = YES;
				GCC_VERSION = com.apple.compilers.llvm.clang.1_0;
				GCC_WARN_64_TO_32_BIT_CONVERSION = YES;
				GCC_WARN_ABOUT_MISSING_PROTOTYPES = YES;
				GCC_WARN_ABOUT_RETURN_TYPE = YES;
				GCC_WARN_UNUSED_VARIABLE = YES;
				MACOSX_DEPLOYMENT_TARGET = 10.7;
				SDKROOT = macosx;
			};
			name = Release;
		};
		5F40D61215057F950080B065 /* Debug */ = {
			isa = XCBuildConfiguration;
			buildSettings = {
				GCC_PRECOMPILE_PREFIX_HEADER = YES;
				GCC_PREFIX_HEADER = "SimpleGrep/SimpleGrep-Prefix.pch";
				INFOPLIST_FILE = "SimpleGrep/SimpleGrep-Info.plist";
				PRODUCT_NAME = "$(TARGET_NAME)";
				WRAPPER_EXTENSION = app;
			};
			name = Debug;
		};
		5F40D61315057F950080B065 /* Release */ = {
			isa = XCBuildConfiguration;
			buildSettings = {
				GCC_PRECOMPILE_PREFIX_HEADER = YES;
				GCC_PREFIX_HEADER = "SimpleGrep/SimpleGrep-Prefix.pch";
				INFOPLIST_FILE = "SimpleGrep/SimpleGrep-Info.plist";
				PRODUCT_NAME = "$(TARGET_NAME)";
				WRAPPER_EXTENSION = app;
			};
			name = Release;
		};
/* End XCBuildConfiguration section */

/* Begin XCConfigurationList section */
		5F40D5ED15057F940080B065 /* Build configuration list for PBXProject "SimpleGrep" */ = {
			isa = XCConfigurationList;
			buildConfigurations = (
				5F40D60F15057F950080B065 /* Debug */,
				5F40D61015057F950080B065 /* Release */,
			);
			defaultConfigurationIsVisible = 0;
			defaultConfigurationName = Release;
		};
		5F40D61115057F950080B065 /* Build configuration list for PBXNativeTarget "SimpleGrep" */ = {
			isa = XCConfigurationList;
			buildConfigurations = (
				5F40D61215057F950080B065 /* Debug */,
				5F40D61315057F950080B065 /* Release */,
			);
			defaultConfigurationIsVisible = 0;
		};
/* End XCConfigurationList section */
	};
	rootObject = 5F40D5EA15057F940080B065 /* Project object */;
}
